
Microsoft Visual Studio Solution File, Format Version 12.00
# Visual Studio Version 17
VisualStudioVersion = 17.7.34031.279
MinimumVisualStudioVersion = 10.0.40219.1
Project("{9A19103F-16F7-4668-BE54-9A1E7A4F7556}") = "MyBinaryGate", "BinaryGate\MyBinaryGate.csproj", "{E4CFA60E-5725-4DE9-B6A6-40CDB0D2AB60}"
EndProject
Project("{9A19103F-16F7-4668-BE54-9A1E7A4F7556}") = "MyTextFileReadWrite", "TextFileReadWrite\MyTextFileReadWrite.csproj", "{5883718D-3F9A-4F6C-9DC6-444F4ED96EBB}"
EndProject
Global
	GlobalSection(SolutionConfigurationPlatforms) = preSolution
		Debug|Any CPU = Debug|Any CPU
		Release|Any CPU = Release|Any CPU
	EndGlobalSection
	GlobalSection(ProjectConfigurationPlatforms) = postSolution
		{E4CFA60E-5725-4DE9-B6A6-40CDB0D2AB60}.Debug|Any CPU.ActiveCfg = Debug|Any CPU
		{E4CFA60E-5725-4DE9-B6A6-40CDB0D2AB60}.Debug|Any CPU.Build.0 = Debug|Any CPU
		{E4CFA60E-5725-4DE9-B6A6-40CDB0D2AB60}.Release|Any CPU.ActiveCfg = Release|Any CPU
		{E4CFA60E-5725-4DE9-B6A6-40CDB0D2AB60}.Release|Any CPU.Build.0 = Release|Any CPU
		{5883718D-3F9A-4F6C-9DC6-444F4ED96EBB}.Debug|Any CPU.ActiveCfg = Debug|Any CPU
		{5883718D-3F9A-4F6C-9DC6-444F4ED96EBB}.Debug|Any CPU.Build.0 = Debug|Any CPU
		{5883718D-3F9A-4F6C-9DC6-444F4ED96EBB}.Release|Any CPU.ActiveCfg = Release|Any CPU
		{5883718D-3F9A-4F6C-9DC6-444F4ED96EBB}.Release|Any CPU.Build.0 = Release|Any CPU
	EndGlobalSection
	GlobalSection(SolutionProperties) = preSolution
		HideSolutionNode = FALSE
	EndGlobalSection
	GlobalSection(ExtensibilityGlobals) = postSolution
		SolutionGuid = {BE93C651-A4C8-4356-B801-E5CFBA22CE7F}
	EndGlobalSection
EndGlobal
